// !$*UTF8*$!
{
	archiveVersion = 1;
	classes = {
	};
	objectVersion = 56;
	objects = {

/* Begin PBXBuildFile section */
		5879C8A829ABACFD00F7B282 /* CategoryCell.swift in Sources */ = {isa = PBXBuildFile; fileRef = 5879C8A729ABACFD00F7B282 /* CategoryCell.swift */; };
		58A5C84229B2135500D32803 /* Category.swift in Sources */ = {isa = PBXBuildFile; fileRef = 58A5C84129B2135500D32803 /* Category.swift */; };
		58A5C84529B2241400D32803 /* DataService.swift in Sources */ = {isa = PBXBuildFile; fileRef = 58A5C84429B2241400D32803 /* DataService.swift */; };
		58A5C86729BA463D00D32803 /* ProductCell.swift in Sources */ = {isa = PBXBuildFile; fileRef = 58A5C86629BA463D00D32803 /* ProductCell.swift */; };
		58A5C86929BA486D00D32803 /* Product.swift in Sources */ = {isa = PBXBuildFile; fileRef = 58A5C86829BA486D00D32803 /* Product.swift */; };
		58A5C86B29BA5D9A00D32803 /* ProductsVC.swift in Sources */ = {isa = PBXBuildFile; fileRef = 58A5C86A29BA5D9A00D32803 /* ProductsVC.swift */; };
		58FF2CB429AA843100DCAAB9 /* AppDelegate.swift in Sources */ = {isa = PBXBuildFile; fileRef = 58FF2CB329AA843100DCAAB9 /* AppDelegate.swift */; };
		58FF2CB629AA843100DCAAB9 /* SceneDelegate.swift in Sources */ = {isa = PBXBuildFile; fileRef = 58FF2CB529AA843100DCAAB9 /* SceneDelegate.swift */; };
		58FF2CB829AA843100DCAAB9 /* CategoriesVC.swift in Sources */ = {isa = PBXBuildFile; fileRef = 58FF2CB729AA843100DCAAB9 /* CategoriesVC.swift */; };
		58FF2CBB29AA843100DCAAB9 /* Main.storyboard in Resources */ = {isa = PBXBuildFile; fileRef = 58FF2CB929AA843100DCAAB9 /* Main.storyboard */; };
		58FF2CBD29AA843300DCAAB9 /* Assets.xcassets in Resources */ = {isa = PBXBuildFile; fileRef = 58FF2CBC29AA843300DCAAB9 /* Assets.xcassets */; };
		58FF2CC029AA843300DCAAB9 /* LaunchScreen.storyboard in Resources */ = {isa = PBXBuildFile; fileRef = 58FF2CBE29AA843300DCAAB9 /* LaunchScreen.storyboard */; };
/* End PBXBuildFile section */

/* Begin PBXFileReference section */
		5879C8A729ABACFD00F7B282 /* CategoryCell.swift */ = {isa = PBXFileReference; lastKnownFileType = sourcecode.swift; path = CategoryCell.swift; sourceTree = "<group>"; };
		58A5C84129B2135500D32803 /* Category.swift */ = {isa = PBXFileReference; lastKnownFileType = sourcecode.swift; path = Category.swift; sourceTree = "<group>"; };
		58A5C84429B2241400D32803 /* DataService.swift */ = {isa = PBXFileReference; lastKnownFileType = sourcecode.swift; path = DataService.swift; sourceTree = "<group>"; };
		58A5C86629BA463D00D32803 /* ProductCell.swift */ = {isa = PBXFileReference; lastKnownFileType = sourcecode.swift; path = ProductCell.swift; sourceTree = "<group>"; };
		58A5C86829BA486D00D32803 /* Product.swift */ = {isa = PBXFileReference; lastKnownFileType = sourcecode.swift; path = Product.swift; sourceTree = "<group>"; };
		58A5C86A29BA5D9A00D32803 /* ProductsVC.swift */ = {isa = PBXFileReference; lastKnownFileType = sourcecode.swift; path = ProductsVC.swift; sourceTree = "<group>"; };
		58FF2CB029AA843100DCAAB9 /* coder-swag.app */ = {isa = PBXFileReference; explicitFileType = wrapper.application; includeInIndex = 0; path = "coder-swag.app"; sourceTree = BUILT_PRODUCTS_DIR; };
		58FF2CB329AA843100DCAAB9 /* AppDelegate.swift */ = {isa = PBXFileReference; lastKnownFileType = sourcecode.swift; path = AppDelegate.swift; sourceTree = "<group>"; };
		58FF2CB529AA843100DCAAB9 /* SceneDelegate.swift */ = {isa = PBXFileReference; lastKnownFileType = sourcecode.swift; path = SceneDelegate.swift; sourceTree = "<group>"; };
		58FF2CB729AA843100DCAAB9 /* CategoriesVC.swift */ = {isa = PBXFileReference; lastKnownFileType = sourcecode.swift; path = CategoriesVC.swift; sourceTree = "<group>"; };
		58FF2CBA29AA843100DCAAB9 /* Base */ = {isa = PBXFileReference; lastKnownFileType = file.storyboard; name = Base; path = Base.lproj/Main.storyboard; sourceTree = "<group>"; };
		58FF2CBC29AA843300DCAAB9 /* Assets.xcassets */ = {isa = PBXFileReference; lastKnownFileType = folder.assetcatalog; path = Assets.xcassets; sourceTree = "<group>"; };
		58FF2CBF29AA843300DCAAB9 /* Base */ = {isa = PBXFileReference; lastKnownFileType = file.storyboard; name = Base; path = Base.lproj/LaunchScreen.storyboard; sourceTree = "<group>"; };
		58FF2CC129AA843300DCAAB9 /* Info.plist */ = {isa = PBXFileReference; lastKnownFileType = text.plist.xml; path = Info.plist; sourceTree = "<group>"; };
/* End PBXFileReference section */

/* Begin PBXFrameworksBuildPhase section */
		58FF2CAD29AA843100DCAAB9 /* Frameworks */ = {
			isa = PBXFrameworksBuildPhase;
			buildActionMask = 2147483647;
			files = (
			);
			runOnlyForDeploymentPostprocessing = 0;
		};
/* End PBXFrameworksBuildPhase section */

/* Begin PBXGroup section */
		5879C8A429ABAB2E00F7B282 /* Controller */ = {
			isa = PBXGroup;
			children = (
				58FF2CB729AA843100DCAAB9 /* CategoriesVC.swift */,
				58A5C86A29BA5D9A00D32803 /* ProductsVC.swift */,
			);
			path = Controller;
			sourceTree = "<group>";
		};
		5879C8A529ABABFF00F7B282 /* Model */ = {
			isa = PBXGroup;
			children = (
				58A5C84129B2135500D32803 /* Category.swift */,
				58A5C86829BA486D00D32803 /* Product.swift */,
			);
			path = Model;
			sourceTree = "<group>";
		};
		5879C8A629ABACB900F7B282 /* View */ = {
			isa = PBXGroup;
			children = (
				5879C8A729ABACFD00F7B282 /* CategoryCell.swift */,
				58A5C86629BA463D00D32803 /* ProductCell.swift */,
			);
			path = View;
			sourceTree = "<group>";
		};
		58A5C84329B223FD00D32803 /* Services */ = {
			isa = PBXGroup;
			children = (
				58A5C84429B2241400D32803 /* DataService.swift */,
			);
			path = Services;
			sourceTree = "<group>";
		};
		58FF2CA729AA843100DCAAB9 = {
			isa = PBXGroup;
			children = (
				58FF2CB229AA843100DCAAB9 /* coder-swag */,
				58FF2CB129AA843100DCAAB9 /* Products */,
			);
			sourceTree = "<group>";
		};
		58FF2CB129AA843100DCAAB9 /* Products */ = {
			isa = PBXGroup;
			children = (
				58FF2CB029AA843100DCAAB9 /* coder-swag.app */,
			);
			name = Products;
			sourceTree = "<group>";
		};
		58FF2CB229AA843100DCAAB9 /* coder-swag */ = {
			isa = PBXGroup;
			children = (
				58A5C84329B223FD00D32803 /* Services */,
				5879C8A629ABACB900F7B282 /* View */,
				5879C8A529ABABFF00F7B282 /* Model */,
				5879C8A429ABAB2E00F7B282 /* Controller */,
				58FF2CB329AA843100DCAAB9 /* AppDelegate.swift */,
				58FF2CB529AA843100DCAAB9 /* SceneDelegate.swift */,
				58FF2CB929AA843100DCAAB9 /* Main.storyboard */,
				58FF2CBC29AA843300DCAAB9 /* Assets.xcassets */,
				58FF2CBE29AA843300DCAAB9 /* LaunchScreen.storyboard */,
				58FF2CC129AA843300DCAAB9 /* Info.plist */,
			);
			path = "coder-swag";
			sourceTree = "<group>";
		};
/* End PBXGroup section */

/* Begin PBXNativeTarget section */
		58FF2CAF29AA843100DCAAB9 /* coder-swag */ = {
			isa = PBXNativeTarget;
			buildConfigurationList = 58FF2CC429AA843300DCAAB9 /* Build configuration list for PBXNativeTarget "coder-swag" */;
			buildPhases = (
				58FF2CAC29AA843100DCAAB9 /* Sources */,
				58FF2CAD29AA843100DCAAB9 /* Frameworks */,
				58FF2CAE29AA843100DCAAB9 /* Resources */,
			);
			buildRules = (
			);
			dependencies = (
			);
			name = "coder-swag";
			productName = "coder-swag";
			productReference = 58FF2CB029AA843100DCAAB9 /* coder-swag.app */;
			productType = "com.apple.product-type.application";
		};
/* End PBXNativeTarget section */

/* Begin PBXProject section */
		58FF2CA829AA843100DCAAB9 /* Project object */ = {
			isa = PBXProject;
			attributes = {
				BuildIndependentTargetsInParallel = 1;
				LastSwiftUpdateCheck = 1410;
				LastUpgradeCheck = 1410;
				TargetAttributes = {
					58FF2CAF29AA843100DCAAB9 = {
						CreatedOnToolsVersion = 14.1;
					};
				};
			};
			buildConfigurationList = 58FF2CAB29AA843100DCAAB9 /* Build configuration list for PBXProject "coder-swag" */;
			compatibilityVersion = "Xcode 14.0";
			developmentRegion = en;
			hasScannedForEncodings = 0;
			knownRegions = (
				en,
				Base,
			);
			mainGroup = 58FF2CA729AA843100DCAAB9;
			productRefGroup = 58FF2CB129AA843100DCAAB9 /* Products */;
			projectDirPath = "";
			projectRoot = "";
			targets = (
				58FF2CAF29AA843100DCAAB9 /* coder-swag */,
			);
		};
/* End PBXProject section */

/* Begin PBXResourcesBuildPhase section */
		58FF2CAE29AA843100DCAAB9 /* Resources */ = {
			isa = PBXResourcesBuildPhase;
			buildActionMask = 2147483647;
			files = (
				58FF2CC029AA843300DCAAB9 /* LaunchScreen.storyboard in Resources */,
				58FF2CBD29AA843300DCAAB9 /* Assets.xcassets in Resources */,
				58FF2CBB29AA843100DCAAB9 /* Main.storyboard in Resources */,
			);
			runOnlyForDeploymentPostprocessing = 0;
		};
/* End PBXResourcesBuildPhase section */

/* Begin PBXSourcesBuildPhase section */
		58FF2CAC29AA843100DCAAB9 /* Sources */ = {
			isa = PBXSourcesBuildPhase;
			buildActionMask = 2147483647;
			files = (
				58FF2CB829AA843100DCAAB9 /* CategoriesVC.swift in Sources */,
				58A5C86929BA486D00D32803 /* Product.swift in Sources */,
				58A5C84229B2135500D32803 /* Category.swift in Sources */,
				58A5C84529B2241400D32803 /* DataService.swift in Sources */,
				58FF2CB429AA843100DCAAB9 /* AppDelegate.swift in Sources */,
				58FF2CB629AA843100DCAAB9 /* SceneDelegate.swift in Sources */,
				58A5C86729BA463D00D32803 /* ProductCell.swift in Sources */,
				5879C8A829ABACFD00F7B282 /* CategoryCell.swift in Sources */,
				58A5C86B29BA5D9A00D32803 /* ProductsVC.swift in Sources */,
			);
			runOnlyForDeploymentPostprocessing = 0;
		};
/* End PBXSourcesBuildPhase section */

/* Begin PBXVariantGroup section */
		58FF2CB929AA843100DCAAB9 /* Main.storyboard */ = {
			isa = PBXVariantGroup;
			children = (
				58FF2CBA29AA843100DCAAB9 /* Base */,
			);
			name = Main.storyboard;
			sourceTree = "<group>";
		};
		58FF2CBE29AA843300DCAAB9 /* LaunchScreen.storyboard */ = {
			isa = PBXVariantGroup;
			children = (
				58FF2CBF29AA843300DCAAB9 /* Base */,
			);
			name = LaunchScreen.storyboard;
			sourceTree = "<group>";
		};
/* End PBXVariantGroup section */

/* Begin XCBuildConfiguration section */
		58FF2CC229AA843300DCAAB9 /* Debug */ = {
			isa = XCBuildConfiguration;
			buildSettings = {
				ALWAYS_SEARCH_USER_PATHS = NO;
				CLANG_ANALYZER_NONNULL = YES;
				CLANG_ANALYZER_NUMBER_OBJECT_CONVERSION = YES_AGGRESSIVE;
				CLANG_CXX_LANGUAGE_STANDARD = "gnu++20";
				CLANG_ENABLE_MODULES = YES;
				CLANG_ENABLE_OBJC_ARC = YES;
				CLANG_ENABLE_OBJC_WEAK = YES;
				CLANG_WARN_BLOCK_CAPTURE_AUTORELEASING = YES;
				CLANG_WARN_BOOL_CONVERSION = YES;
				CLANG_WARN_COMMA = YES;
				CLANG_WARN_CONSTANT_CONVERSION = YES;
				CLANG_WARN_DEPRECATED_OBJC_IMPLEMENTATIONS = YES;
				CLANG_WARN_DIRECT_OBJC_ISA_USAGE = YES_ERROR;
				CLANG_WARN_DOCUMENTATION_COMMENTS = YES;
				CLANG_WARN_EMPTY_BODY = YES;
				CLANG_WARN_ENUM_CONVERSION = YES;
				CLANG_WARN_INFINITE_RECURSION = YES;
				CLANG_WARN_INT_CONVERSION = YES;
				CLANG_WARN_NON_LITERAL_NULL_CONVERSION = YES;
				CLANG_WARN_OBJC_IMPLICIT_RETAIN_SELF = YES;
				CLANG_WARN_OBJC_LITERAL_CONVERSION = YES;
				CLANG_WARN_OBJC_ROOT_CLASS = YES_ERROR;
				CLANG_WARN_QUOTED_INCLUDE_IN_FRAMEWORK_HEADER = YES;
				CLANG_WARN_RANGE_LOOP_ANALYSIS = YES;
				CLANG_WARN_STRICT_PROTOTYPES = YES;
				CLANG_WARN_SUSPICIOUS_MOVE = YES;
				CLANG_WARN_UNGUARDED_AVAILABILITY = YES_AGGRESSIVE;
				CLANG_WARN_UNREACHABLE_CODE = YES;
				CLANG_WARN__DUPLICATE_METHOD_MATCH = YES;
				COPY_PHASE_STRIP = NO;
				DEBUG_INFORMATION_FORMAT = dwarf;
				ENABLE_STRICT_OBJC_MSGSEND = YES;
				ENABLE_TESTABILITY = YES;
				GCC_C_LANGUAGE_STANDARD = gnu11;
				GCC_DYNAMIC_NO_PIC = NO;
				GCC_NO_COMMON_BLOCKS = YES;
				GCC_OPTIMIZATION_LEVEL = 0;
				GCC_PREPROCESSOR_DEFINITIONS = (
					"DEBUG=1",
					"$(inherited)",
				);
				GCC_WARN_64_TO_32_BIT_CONVERSION = YES;
				GCC_WARN_ABOUT_RETURN_TYPE = YES_ERROR;
				GCC_WARN_UNDECLARED_SELECTOR = YES;
				GCC_WARN_UNINITIALIZED_AUTOS = YES_AGGRESSIVE;
				GCC_WARN_UNUSED_FUNCTION = YES;
				GCC_WARN_UNUSED_VARIABLE = YES;
				IPHONEOS_DEPLOYMENT_TARGET = 16.1;
				MTL_ENABLE_DEBUG_INFO = INCLUDE_SOURCE;
				MTL_FAST_MATH = YES;
				ONLY_ACTIVE_ARCH = YES;
				SDKROOT = iphoneos;
				SWIFT_ACTIVE_COMPILATION_CONDITIONS = DEBUG;
				SWIFT_OPTIMIZATION_LEVEL = "-Onone";
			};
			name = Debug;
		};
		58FF2CC329AA843300DCAAB9 /* Release */ = {
			isa = XCBuildConfiguration;
			buildSettings = {
				ALWAYS_SEARCH_USER_PATHS = NO;
				CLANG_ANALYZER_NONNULL = YES;
				CLANG_ANALYZER_NUMBER_OBJECT_CONVERSION = YES_AGGRESSIVE;
				CLANG_CXX_LANGUAGE_STANDARD = "gnu++20";
				CLANG_ENABLE_MODULES = YES;
				CLANG_ENABLE_OBJC_ARC = YES;
				CLANG_ENABLE_OBJC_WEAK = YES;
				CLANG_WARN_BLOCK_CAPTURE_AUTORELEASING = YES;
				CLANG_WARN_BOOL_CONVERSION = YES;
				CLANG_WARN_COMMA = YES;
				CLANG_WARN_CONSTANT_CONVERSION = YES;
				CLANG_WARN_DEPRECATED_OBJC_IMPLEMENTATIONS = YES;
				CLANG_WARN_DIRECT_OBJC_ISA_USAGE = YES_ERROR;
				CLANG_WARN_DOCUMENTATION_COMMENTS = YES;
				CLANG_WARN_EMPTY_BODY = YES;
				CLANG_WARN_ENUM_CONVERSION = YES;
				CLANG_WARN_INFINITE_RECURSION = YES;
				CLANG_WARN_INT_CONVERSION = YES;
				CLANG_WARN_NON_LITERAL_NULL_CONVERSION = YES;
				CLANG_WARN_OBJC_IMPLICIT_RETAIN_SELF = YES;
				CLANG_WARN_OBJC_LITERAL_CONVERSION = YES;
				CLANG_WARN_OBJC_ROOT_CLASS = YES_ERROR;
				CLANG_WARN_QUOTED_INCLUDE_IN_FRAMEWORK_HEADER = YES;
				CLANG_WARN_RANGE_LOOP_ANALYSIS = YES;
				CLANG_WARN_STRICT_PROTOTYPES = YES;
				CLANG_WARN_SUSPICIOUS_MOVE = YES;
				CLANG_WARN_UNGUARDED_AVAILABILITY = YES_AGGRESSIVE;
				CLANG_WARN_UNREACHABLE_CODE = YES;
				CLANG_WARN__DUPLICATE_METHOD_MATCH = YES;
				COPY_PHASE_STRIP = NO;
				DEBUG_INFORMATION_FORMAT = "dwarf-with-dsym";
				ENABLE_NS_ASSERTIONS = NO;
				ENABLE_STRICT_OBJC_MSGSEND = YES;
				GCC_C_LANGUAGE_STANDARD = gnu11;
				GCC_NO_COMMON_BLOCKS = YES;
				GCC_WARN_64_TO_32_BIT_CONVERSION = YES;
				GCC_WARN_ABOUT_RETURN_TYPE = YES_ERROR;
				GCC_WARN_UNDECLARED_SELECTOR = YES;
				GCC_WARN_UNINITIALIZED_AUTOS = YES_AGGRESSIVE;
				GCC_WARN_UNUSED_FUNCTION = YES;
				GCC_WARN_UNUSED_VARIABLE = YES;
				IPHONEOS_DEPLOYMENT_TARGET = 16.1;
				MTL_ENABLE_DEBUG_INFO = NO;
				MTL_FAST_MATH = YES;
				SDKROOT = iphoneos;
				SWIFT_COMPILATION_MODE = wholemodule;
				SWIFT_OPTIMIZATION_LEVEL = "-O";
				VALIDATE_PRODUCT = YES;
			};
			name = Release;
		};
		58FF2CC529AA843300DCAAB9 /* Debug */ = {
			isa = XCBuildConfiguration;
			buildSettings = {
				ASSETCATALOG_COMPILER_APPICON_NAME = AppIcon;
				ASSETCATALOG_COMPILER_GLOBAL_ACCENT_COLOR_NAME = AccentColor;
				CODE_SIGN_STYLE = Automatic;
				CURRENT_PROJECT_VERSION = 1;
				DEVELOPMENT_TEAM = T789KD825A;
				GENERATE_INFOPLIST_FILE = YES;
				INFOPLIST_FILE = "coder-swag/Info.plist";
				INFOPLIST_KEY_UIApplicationSupportsIndirectInputEvents = YES;
				INFOPLIST_KEY_UILaunchStoryboardName = LaunchScreen;
				INFOPLIST_KEY_UIMainStoryboardFile = Main;
				INFOPLIST_KEY_UISupportedInterfaceOrientations_iPad = "UIInterfaceOrientationPortrait UIInterfaceOrientationPortraitUpsideDown UIInterfaceOrientationLandscapeLeft UIInterfaceOrientationLandscapeRight";
				INFOPLIST_KEY_UISupportedInterfaceOrientations_iPhone = "UIInterfaceOrientationPortrait UIInterfaceOrientationLandscapeLeft UIInterfaceOrientationLandscapeRight";
				LD_RUNPATH_SEARCH_PATHS = (
					"$(inherited)",
					"@executable_path/Frameworks",
				);
				MARKETING_VERSION = 1.0;
				PRODUCT_BUNDLE_IDENTIFIER = "com.Yashika.coder-swag";
				PRODUCT_NAME = "$(TARGET_NAME)";
				SWIFT_EMIT_LOC_STRINGS = YES;
				SWIFT_VERSION = 5.0;
				TARGETED_DEVICE_FAMILY = "1,2";
			};
			name = Debug;
		};
		58FF2CC629AA843300DCAAB9 /* Release */ = {
			isa = XCBuildConfiguration;
			buildSettings = {
				ASSETCATALOG_COMPILER_APPICON_NAME = AppIcon;
				ASSETCATALOG_COMPILER_GLOBAL_ACCENT_COLOR_NAME = AccentColor;
				CODE_SIGN_STYLE = Automatic;
				CURRENT_PROJECT_VERSION = 1;
				DEVELOPMENT_TEAM = T789KD825A;
				GENERATE_INFOPLIST_FILE = YES;
				INFOPLIST_FILE = "coder-swag/Info.plist";
				INFOPLIST_KEY_UIApplicationSupportsIndirectInputEvents = YES;
				INFOPLIST_KEY_UILaunchStoryboardName = LaunchScreen;
				INFOPLIST_KEY_UIMainStoryboardFile = Main;
				INFOPLIST_KEY_UISupportedInterfaceOrientations_iPad = "UIInterfaceOrientationPortrait UIInterfaceOrientationPortraitUpsideDown UIInterfaceOrientationLandscapeLeft UIInterfaceOrientationLandscapeRight";
				INFOPLIST_KEY_UISupportedInterfaceOrientations_iPhone = "UIInterfaceOrientationPortrait UIInterfaceOrientationLandscapeLeft UIInterfaceOrientationLandscapeRight";
				LD_RUNPATH_SEARCH_PATHS = (
					"$(inherited)",
					"@executable_path/Frameworks",
				);
				MARKETING_VERSION = 1.0;
				PRODUCT_BUNDLE_IDENTIFIER = "com.Yashika.coder-swag";
				PRODUCT_NAME = "$(TARGET_NAME)";
				SWIFT_EMIT_LOC_STRINGS = YES;
				SWIFT_VERSION = 5.0;
				TARGETED_DEVICE_FAMILY = "1,2";
			};
			name = Release;
		};
/* End XCBuildConfiguration section */

/* Begin XCConfigurationList section */
		58FF2CAB29AA843100DCAAB9 /* Build configuration list for PBXProject "coder-swag" */ = {
			isa = XCConfigurationList;
			buildConfigurations = (
				58FF2CC229AA843300DCAAB9 /* Debug */,
				58FF2CC329AA843300DCAAB9 /* Release */,
			);
			defaultConfigurationIsVisible = 0;
			defaultConfigurationName = Release;
		};
		58FF2CC429AA843300DCAAB9 /* Build configuration list for PBXNativeTarget "coder-swag" */ = {
			isa = XCConfigurationList;
			buildConfigurations = (
				58FF2CC529AA843300DCAAB9 /* Debug */,
				58FF2CC629AA843300DCAAB9 /* Release */,
			);
			defaultConfigurationIsVisible = 0;
			defaultConfigurationName = Release;
		};
/* End XCConfigurationList section */
	};
	rootObject = 58FF2CA829AA843100DCAAB9 /* Project object */;
}
